// !$*UTF8*$!
{
	archiveVersion = 1;
	classes = {
	};
	objectVersion = 77;
	objects = {

/* Begin PBXBuildFile section */
		103CBBEB2D331DDA00F3CEDF /* SQLite in Frameworks */ = {isa = PBXBuildFile; productRef = 103CBBEA2D331DDA00F3CEDF /* SQLite */; };
		1069D9272D3720B200D758BA /* FilesProvider in Frameworks */ = {isa = PBXBuildFile; productRef = 1069D9262D3720B200D758BA /* FilesProvider */; };
/* End PBXBuildFile section */

/* Begin PBXContainerItemProxy section */
		10811E802D31CF02008CAD75 /* PBXContainerItemProxy */ = {
			isa = PBXContainerItemProxy;
			containerPortal = 10811E672D31CF01008CAD75 /* Project object */;
			proxyType = 1;
			remoteGlobalIDString = 10811E6E2D31CF01008CAD75;
			remoteInfo = musicapp;
		};
		10811E8A2D31CF02008CAD75 /* PBXContainerItemProxy */ = {
			isa = PBXContainerItemProxy;
			containerPortal = 10811E672D31CF01008CAD75 /* Project object */;
			proxyType = 1;
			remoteGlobalIDString = 10811E6E2D31CF01008CAD75;
			remoteInfo = musicapp;
		};
/* End PBXContainerItemProxy section */

/* Begin PBXFileReference section */
		1035973D2D3457B100456EB8 /* musicapp.xctestplan */ = {isa = PBXFileReference; lastKnownFileType = text; path = musicapp.xctestplan; sourceTree = "<group>"; };
		103CBBE82D331D7D00F3CEDF /* libsqlite3.tbd */ = {isa = PBXFileReference; lastKnownFileType = "sourcecode.text-based-dylib-definition"; name = libsqlite3.tbd; path = usr/lib/libsqlite3.tbd; sourceTree = SDKROOT; };
		10811E6F2D31CF01008CAD75 /* musicapp.app */ = {isa = PBXFileReference; explicitFileType = wrapper.application; includeInIndex = 0; path = musicapp.app; sourceTree = BUILT_PRODUCTS_DIR; };
		10811E7F2D31CF02008CAD75 /* musicappTests.xctest */ = {isa = PBXFileReference; explicitFileType = wrapper.cfbundle; includeInIndex = 0; path = musicappTests.xctest; sourceTree = BUILT_PRODUCTS_DIR; };
		10811E892D31CF02008CAD75 /* musicappUITests.xctest */ = {isa = PBXFileReference; explicitFileType = wrapper.cfbundle; includeInIndex = 0; path = musicappUITests.xctest; sourceTree = BUILT_PRODUCTS_DIR; };
/* End PBXFileReference section */

/* Begin PBXFileSystemSynchronizedRootGroup section */
		10811E712D31CF01008CAD75 /* musicapp */ = {
			isa = PBXFileSystemSynchronizedRootGroup;
			path = musicapp;
			sourceTree = "<group>";
		};
		10811E822D31CF02008CAD75 /* musicappTests */ = {
			isa = PBXFileSystemSynchronizedRootGroup;
			path = musicappTests;
			sourceTree = "<group>";
		};
		10811E8C2D31CF02008CAD75 /* musicappUITests */ = {
			isa = PBXFileSystemSynchronizedRootGroup;
			path = musicappUITests;
			sourceTree = "<group>";
		};
/* End PBXFileSystemSynchronizedRootGroup section */

/* Begin PBXFrameworksBuildPhase section */
		10811E6C2D31CF01008CAD75 /* Frameworks */ = {
			isa = PBXFrameworksBuildPhase;
			buildActionMask = 2147483647;
			files = (
				1069D9272D3720B200D758BA /* FilesProvider in Frameworks */,
				103CBBEB2D331DDA00F3CEDF /* SQLite in Frameworks */,
			);
			runOnlyForDeploymentPostprocessing = 0;
		};
		10811E7C2D31CF02008CAD75 /* Frameworks */ = {
			isa = PBXFrameworksBuildPhase;
			buildActionMask = 2147483647;
			files = (
			);
			runOnlyForDeploymentPostprocessing = 0;
		};
		10811E862D31CF02008CAD75 /* Frameworks */ = {
			isa = PBXFrameworksBuildPhase;
			buildActionMask = 2147483647;
			files = (
			);
			runOnlyForDeploymentPostprocessing = 0;
		};
/* End PBXFrameworksBuildPhase section */

/* Begin PBXGroup section */
		103CBBE72D331D7D00F3CEDF /* Frameworks */ = {
			isa = PBXGroup;
			children = (
				103CBBE82D331D7D00F3CEDF /* libsqlite3.tbd */,
			);
			name = Frameworks;
			sourceTree = "<group>";
		};
		10811E662D31CF01008CAD75 = {
			isa = PBXGroup;
			children = (
				1035973D2D3457B100456EB8 /* musicapp.xctestplan */,
				10811E712D31CF01008CAD75 /* musicapp */,
				10811E822D31CF02008CAD75 /* musicappTests */,
				10811E8C2D31CF02008CAD75 /* musicappUITests */,
				103CBBE72D331D7D00F3CEDF /* Frameworks */,
				10811E702D31CF01008CAD75 /* Products */,
			);
			sourceTree = "<group>";
		};
		10811E702D31CF01008CAD75 /* Products */ = {
			isa = PBXGroup;
			children = (
				10811E6F2D31CF01008CAD75 /* musicapp.app */,
				10811E7F2D31CF02008CAD75 /* musicappTests.xctest */,
				10811E892D31CF02008CAD75 /* musicappUITests.xctest */,
			);
			name = Products;
			sourceTree = "<group>";
		};
/* End PBXGroup section */

/* Begin PBXNativeTarget section */
		10811E6E2D31CF01008CAD75 /* musicapp */ = {
			isa = PBXNativeTarget;
			buildConfigurationList = 10811E932D31CF02008CAD75 /* Build configuration list for PBXNativeTarget "musicapp" */;
			buildPhases = (
				10811E6B2D31CF01008CAD75 /* Sources */,
				10811E6C2D31CF01008CAD75 /* Frameworks */,
				10811E6D2D31CF01008CAD75 /* Resources */,
			);
			buildRules = (
			);
			dependencies = (
				103CBBE62D331C9000F3CEDF /* PBXTargetDependency */,
			);
			fileSystemSynchronizedGroups = (
				10811E712D31CF01008CAD75 /* musicapp */,
			);
			name = musicapp;
			packageProductDependencies = (
				103CBBEA2D331DDA00F3CEDF /* SQLite */,
				1069D9262D3720B200D758BA /* FilesProvider */,
			);
			productName = musicapp;
			productReference = 10811E6F2D31CF01008CAD75 /* musicapp.app */;
			productType = "com.apple.product-type.application";
		};
		10811E7E2D31CF02008CAD75 /* musicappTests */ = {
			isa = PBXNativeTarget;
			buildConfigurationList = 10811E962D31CF02008CAD75 /* Build configuration list for PBXNativeTarget "musicappTests" */;
			buildPhases = (
				10811E7B2D31CF02008CAD75 /* Sources */,
				10811E7C2D31CF02008CAD75 /* Frameworks */,
				10811E7D2D31CF02008CAD75 /* Resources */,
			);
			buildRules = (
			);
			dependencies = (
				10811E812D31CF02008CAD75 /* PBXTargetDependency */,
			);
			fileSystemSynchronizedGroups = (
				10811E822D31CF02008CAD75 /* musicappTests */,
			);
			name = musicappTests;
			packageProductDependencies = (
			);
			productName = musicappTests;
			productReference = 10811E7F2D31CF02008CAD75 /* musicappTests.xctest */;
			productType = "com.apple.product-type.bundle.unit-test";
		};
		10811E882D31CF02008CAD75 /* musicappUITests */ = {
			isa = PBXNativeTarget;
			buildConfigurationList = 10811E992D31CF02008CAD75 /* Build configuration list for PBXNativeTarget "musicappUITests" */;
			buildPhases = (
				10811E852D31CF02008CAD75 /* Sources */,
				10811E862D31CF02008CAD75 /* Frameworks */,
				10811E872D31CF02008CAD75 /* Resources */,
			);
			buildRules = (
			);
			dependencies = (
				10811E8B2D31CF02008CAD75 /* PBXTargetDependency */,
			);
			fileSystemSynchronizedGroups = (
				10811E8C2D31CF02008CAD75 /* musicappUITests */,
			);
			name = musicappUITests;
			packageProductDependencies = (
			);
			productName = musicappUITests;
			productReference = 10811E892D31CF02008CAD75 /* musicappUITests.xctest */;
			productType = "com.apple.product-type.bundle.ui-testing";
		};
/* End PBXNativeTarget section */

/* Begin PBXProject section */
		10811E672D31CF01008CAD75 /* Project object */ = {
			isa = PBXProject;
			attributes = {
				BuildIndependentTargetsInParallel = 1;
				LastSwiftUpdateCheck = 1620;
				LastUpgradeCheck = 1620;
				TargetAttributes = {
					10811E6E2D31CF01008CAD75 = {
						CreatedOnToolsVersion = 16.2;
					};
					10811E7E2D31CF02008CAD75 = {
						CreatedOnToolsVersion = 16.2;
						TestTargetID = 10811E6E2D31CF01008CAD75;
					};
					10811E882D31CF02008CAD75 = {
						CreatedOnToolsVersion = 16.2;
						TestTargetID = 10811E6E2D31CF01008CAD75;
					};
				};
			};
			buildConfigurationList = 10811E6A2D31CF01008CAD75 /* Build configuration list for PBXProject "musicapp" */;
			developmentRegion = en;
			hasScannedForEncodings = 0;
			knownRegions = (
				en,
				Base,
			);
			mainGroup = 10811E662D31CF01008CAD75;
			minimizedProjectReferenceProxies = 1;
			packageReferences = (
				10FA3CCA2D32887D00E25072 /* XCRemoteSwiftPackageReference "SQLite" */,
				1069D9252D37209800D758BA /* XCRemoteSwiftPackageReference "FileProvider" */,
			);
			preferredProjectObjectVersion = 77;
			productRefGroup = 10811E702D31CF01008CAD75 /* Products */;
			projectDirPath = "";
			projectRoot = "";
			targets = (
				10811E6E2D31CF01008CAD75 /* musicapp */,
				10811E7E2D31CF02008CAD75 /* musicappTests */,
				10811E882D31CF02008CAD75 /* musicappUITests */,
			);
		};
/* End PBXProject section */

/* Begin PBXResourcesBuildPhase section */
		10811E6D2D31CF01008CAD75 /* Resources */ = {
			isa = PBXResourcesBuildPhase;
			buildActionMask = 2147483647;
			files = (
			);
			runOnlyForDeploymentPostprocessing = 0;
		};
		10811E7D2D31CF02008CAD75 /* Resources */ = {
			isa = PBXResourcesBuildPhase;
			buildActionMask = 2147483647;
			files = (
			);
			runOnlyForDeploymentPostprocessing = 0;
		};
		10811E872D31CF02008CAD75 /* Resources */ = {
			isa = PBXResourcesBuildPhase;
			buildActionMask = 2147483647;
			files = (
			);
			runOnlyForDeploymentPostprocessing = 0;
		};
/* End PBXResourcesBuildPhase section */

/* Begin PBXSourcesBuildPhase section */
		10811E6B2D31CF01008CAD75 /* Sources */ = {
			isa = PBXSourcesBuildPhase;
			buildActionMask = 2147483647;
			files = (
			);
			runOnlyForDeploymentPostprocessing = 0;
		};
		10811E7B2D31CF02008CAD75 /* Sources */ = {
			isa = PBXSourcesBuildPhase;
			buildActionMask = 2147483647;
			files = (
			);
			runOnlyForDeploymentPostprocessing = 0;
		};
		10811E852D31CF02008CAD75 /* Sources */ = {
			isa = PBXSourcesBuildPhase;
			buildActionMask = 2147483647;
			files = (
			);
			runOnlyForDeploymentPostprocessing = 0;
		};
/* End PBXSourcesBuildPhase section */

/* Begin PBXTargetDependency section */
		103CBBE62D331C9000F3CEDF /* PBXTargetDependency */ = {
			isa = PBXTargetDependency;
			productRef = 103CBBE52D331C9000F3CEDF /* SQLite */;
		};
		10811E812D31CF02008CAD75 /* PBXTargetDependency */ = {
			isa = PBXTargetDependency;
			target = 10811E6E2D31CF01008CAD75 /* musicapp */;
			targetProxy = 10811E802D31CF02008CAD75 /* PBXContainerItemProxy */;
		};
		10811E8B2D31CF02008CAD75 /* PBXTargetDependency */ = {
			isa = PBXTargetDependency;
			target = 10811E6E2D31CF01008CAD75 /* musicapp */;
			targetProxy = 10811E8A2D31CF02008CAD75 /* PBXContainerItemProxy */;
		};
/* End PBXTargetDependency section */

/* Begin XCBuildConfiguration section */
		10811E912D31CF02008CAD75 /* Debug */ = {
			isa = XCBuildConfiguration;
			buildSettings = {
				ALWAYS_SEARCH_USER_PATHS = NO;
				ASSETCATALOG_COMPILER_GENERATE_SWIFT_ASSET_SYMBOL_EXTENSIONS = YES;
				CLANG_ANALYZER_NONNULL = YES;
				CLANG_ANALYZER_NUMBER_OBJECT_CONVERSION = YES_AGGRESSIVE;
				CLANG_CXX_LANGUAGE_STANDARD = "gnu++20";
				CLANG_ENABLE_MODULES = YES;
				CLANG_ENABLE_OBJC_ARC = YES;
				CLANG_ENABLE_OBJC_WEAK = YES;
				CLANG_WARN_BLOCK_CAPTURE_AUTORELEASING = YES;
				CLANG_WARN_BOOL_CONVERSION = YES;
				CLANG_WARN_COMMA = YES;
				CLANG_WARN_CONSTANT_CONVERSION = YES;
				CLANG_WARN_DEPRECATED_OBJC_IMPLEMENTATIONS = YES;
				CLANG_WARN_DIRECT_OBJC_ISA_USAGE = YES_ERROR;
				CLANG_WARN_DOCUMENTATION_COMMENTS = YES;
				CLANG_WARN_EMPTY_BODY = YES;
				CLANG_WARN_ENUM_CONVERSION = YES;
				CLANG_WARN_INFINITE_RECURSION = YES;
				CLANG_WARN_INT_CONVERSION = YES;
				CLANG_WARN_NON_LITERAL_NULL_CONVERSION = YES;
				CLANG_WARN_OBJC_IMPLICIT_RETAIN_SELF = YES;
				CLANG_WARN_OBJC_LITERAL_CONVERSION = YES;
				CLANG_WARN_OBJC_ROOT_CLASS = YES_ERROR;
				CLANG_WARN_QUOTED_INCLUDE_IN_FRAMEWORK_HEADER = YES;
				CLANG_WARN_RANGE_LOOP_ANALYSIS = YES;
				CLANG_WARN_STRICT_PROTOTYPES = YES;
				CLANG_WARN_SUSPICIOUS_MOVE = YES;
				CLANG_WARN_UNGUARDED_AVAILABILITY = YES_AGGRESSIVE;
				CLANG_WARN_UNREACHABLE_CODE = YES;
				CLANG_WARN__DUPLICATE_METHOD_MATCH = YES;
				COPY_PHASE_STRIP = NO;
				DEBUG_INFORMATION_FORMAT = dwarf;
				ENABLE_STRICT_OBJC_MSGSEND = YES;
				ENABLE_TESTABILITY = YES;
				ENABLE_USER_SCRIPT_SANDBOXING = YES;
				GCC_C_LANGUAGE_STANDARD = gnu17;
				GCC_DYNAMIC_NO_PIC = NO;
				GCC_NO_COMMON_BLOCKS = YES;
				GCC_OPTIMIZATION_LEVEL = 0;
				GCC_PREPROCESSOR_DEFINITIONS = (
					"DEBUG=1",
					"$(inherited)",
				);
				GCC_WARN_64_TO_32_BIT_CONVERSION = YES;
				GCC_WARN_ABOUT_RETURN_TYPE = YES_ERROR;
				GCC_WARN_UNDECLARED_SELECTOR = YES;
				GCC_WARN_UNINITIALIZED_AUTOS = YES_AGGRESSIVE;
				GCC_WARN_UNUSED_FUNCTION = YES;
				GCC_WARN_UNUSED_VARIABLE = YES;
				IPHONEOS_DEPLOYMENT_TARGET = 18.2;
				LOCALIZATION_PREFERS_STRING_CATALOGS = YES;
				MTL_ENABLE_DEBUG_INFO = INCLUDE_SOURCE;
				MTL_FAST_MATH = YES;
				ONLY_ACTIVE_ARCH = YES;
				SDKROOT = iphoneos;
				SWIFT_ACTIVE_COMPILATION_CONDITIONS = "DEBUG $(inherited)";
				SWIFT_OPTIMIZATION_LEVEL = "-Onone";
			};
			name = Debug;
		};
		10811E922D31CF02008CAD75 /* Release */ = {
			isa = XCBuildConfiguration;
			buildSettings = {
				ALWAYS_SEARCH_USER_PATHS = NO;
				ASSETCATALOG_COMPILER_GENERATE_SWIFT_ASSET_SYMBOL_EXTENSIONS = YES;
				CLANG_ANALYZER_NONNULL = YES;
				CLANG_ANALYZER_NUMBER_OBJECT_CONVERSION = YES_AGGRESSIVE;
				CLANG_CXX_LANGUAGE_STANDARD = "gnu++20";
				CLANG_ENABLE_MODULES = YES;
				CLANG_ENABLE_OBJC_ARC = YES;
				CLANG_ENABLE_OBJC_WEAK = YES;
				CLANG_WARN_BLOCK_CAPTURE_AUTORELEASING = YES;
				CLANG_WARN_BOOL_CONVERSION = YES;
				CLANG_WARN_COMMA = YES;
				CLANG_WARN_CONSTANT_CONVERSION = YES;
				CLANG_WARN_DEPRECATED_OBJC_IMPLEMENTATIONS = YES;
				CLANG_WARN_DIRECT_OBJC_ISA_USAGE = YES_ERROR;
				CLANG_WARN_DOCUMENTATION_COMMENTS = YES;
				CLANG_WARN_EMPTY_BODY = YES;
				CLANG_WARN_ENUM_CONVERSION = YES;
				CLANG_WARN_INFINITE_RECURSION = YES;
				CLANG_WARN_INT_CONVERSION = YES;
				CLANG_WARN_NON_LITERAL_NULL_CONVERSION = YES;
				CLANG_WARN_OBJC_IMPLICIT_RETAIN_SELF = YES;
				CLANG_WARN_OBJC_LITERAL_CONVERSION = YES;
				CLANG_WARN_OBJC_ROOT_CLASS = YES_ERROR;
				CLANG_WARN_QUOTED_INCLUDE_IN_FRAMEWORK_HEADER = YES;
				CLANG_WARN_RANGE_LOOP_ANALYSIS = YES;
				CLANG_WARN_STRICT_PROTOTYPES = YES;
				CLANG_WARN_SUSPICIOUS_MOVE = YES;
				CLANG_WARN_UNGUARDED_AVAILABILITY = YES_AGGRESSIVE;
				CLANG_WARN_UNREACHABLE_CODE = YES;
				CLANG_WARN__DUPLICATE_METHOD_MATCH = YES;
				COPY_PHASE_STRIP = NO;
				DEBUG_INFORMATION_FORMAT = "dwarf-with-dsym";
				ENABLE_NS_ASSERTIONS = NO;
				ENABLE_STRICT_OBJC_MSGSEND = YES;
				ENABLE_USER_SCRIPT_SANDBOXING = YES;
				GCC_C_LANGUAGE_STANDARD = gnu17;
				GCC_NO_COMMON_BLOCKS = YES;
				GCC_WARN_64_TO_32_BIT_CONVERSION = YES;
				GCC_WARN_ABOUT_RETURN_TYPE = YES_ERROR;
				GCC_WARN_UNDECLARED_SELECTOR = YES;
				GCC_WARN_UNINITIALIZED_AUTOS = YES_AGGRESSIVE;
				GCC_WARN_UNUSED_FUNCTION = YES;
				GCC_WARN_UNUSED_VARIABLE = YES;
				IPHONEOS_DEPLOYMENT_TARGET = 18.2;
				LOCALIZATION_PREFERS_STRING_CATALOGS = YES;
				MTL_ENABLE_DEBUG_INFO = NO;
				MTL_FAST_MATH = YES;
				SDKROOT = iphoneos;
				SWIFT_COMPILATION_MODE = wholemodule;
				VALIDATE_PRODUCT = YES;
			};
			name = Release;
		};
		10811E942D31CF02008CAD75 /* Debug */ = {
			isa = XCBuildConfiguration;
			buildSettings = {
				ASSETCATALOG_COMPILER_APPICON_NAME = AppIcon;
				ASSETCATALOG_COMPILER_GLOBAL_ACCENT_COLOR_NAME = AccentColor;
				CODE_SIGN_ENTITLEMENTS = musicapp/musicapp.entitlements;
				CODE_SIGN_STYLE = Automatic;
				CURRENT_PROJECT_VERSION = 1;
				DEVELOPMENT_ASSET_PATHS = "\"musicapp/Preview Content\"";
				DEVELOPMENT_TEAM = JAQ3G6NY69;
				ENABLE_PREVIEWS = YES;
				GENERATE_INFOPLIST_FILE = YES;
				INFOPLIST_KEY_UIApplicationSceneManifest_Generation = YES;
				INFOPLIST_KEY_UIApplicationSupportsIndirectInputEvents = YES;
				INFOPLIST_KEY_UILaunchScreen_Generation = YES;
				INFOPLIST_KEY_UISupportedInterfaceOrientations_iPad = "UIInterfaceOrientationPortrait UIInterfaceOrientationPortraitUpsideDown UIInterfaceOrientationLandscapeLeft UIInterfaceOrientationLandscapeRight";
				INFOPLIST_KEY_UISupportedInterfaceOrientations_iPhone = "UIInterfaceOrientationPortrait UIInterfaceOrientationLandscapeLeft UIInterfaceOrientationLandscapeRight";
				IPHONEOS_DEPLOYMENT_TARGET = 18.0;
				LD_RUNPATH_SEARCH_PATHS = (
					"$(inherited)",
					"@executable_path/Frameworks",
				);
				MARKETING_VERSION = 1.0;
				PRODUCT_BUNDLE_IDENTIFIER = com.crystalboxes.musicapp;
				PRODUCT_NAME = "$(TARGET_NAME)";
				SWIFT_EMIT_LOC_STRINGS = YES;
				SWIFT_VERSION = 5.0;
				TARGETED_DEVICE_FAMILY = "1,2";
			};
			name = Debug;
		};
		10811E952D31CF02008CAD75 /* Release */ = {
			isa = XCBuildConfiguration;
			buildSettings = {
				ASSETCATALOG_COMPILER_APPICON_NAME = AppIcon;
				ASSETCATALOG_COMPILER_GLOBAL_ACCENT_COLOR_NAME = AccentColor;
				CODE_SIGN_ENTITLEMENTS = musicapp/musicapp.entitlements;
				CODE_SIGN_STYLE = Automatic;
				CURRENT_PROJECT_VERSION = 1;
				DEVELOPMENT_ASSET_PATHS = "\"musicapp/Preview Content\"";
				DEVELOPMENT_TEAM = JAQ3G6NY69;
				ENABLE_PREVIEWS = YES;
				GENERATE_INFOPLIST_FILE = YES;
				INFOPLIST_KEY_UIApplicationSceneManifest_Generation = YES;
				INFOPLIST_KEY_UIApplicationSupportsIndirectInputEvents = YES;
				INFOPLIST_KEY_UILaunchScreen_Generation = YES;
				INFOPLIST_KEY_UISupportedInterfaceOrientations_iPad = "UIInterfaceOrientationPortrait UIInterfaceOrientationPortraitUpsideDown UIInterfaceOrientationLandscapeLeft UIInterfaceOrientationLandscapeRight";
				INFOPLIST_KEY_UISupportedInterfaceOrientations_iPhone = "UIInterfaceOrientationPortrait UIInterfaceOrientationLandscapeLeft UIInterfaceOrientationLandscapeRight";
				IPHONEOS_DEPLOYMENT_TARGET = 18.0;
				LD_RUNPATH_SEARCH_PATHS = (
					"$(inherited)",
					"@executable_path/Frameworks",
				);
				MARKETING_VERSION = 1.0;
				PRODUCT_BUNDLE_IDENTIFIER = com.crystalboxes.musicapp;
				PRODUCT_NAME = "$(TARGET_NAME)";
				SWIFT_EMIT_LOC_STRINGS = YES;
				SWIFT_VERSION = 5.0;
				TARGETED_DEVICE_FAMILY = "1,2";
			};
			name = Release;
		};
		10811E972D31CF02008CAD75 /* Debug */ = {
			isa = XCBuildConfiguration;
			buildSettings = {
				BUNDLE_LOADER = "$(TEST_HOST)";
				"CODE_SIGN_IDENTITY[sdk=macosx*]" = "-";
				CODE_SIGN_STYLE = Automatic;
				CURRENT_PROJECT_VERSION = 1;
				DEVELOPMENT_TEAM = JAQ3G6NY69;
				GENERATE_INFOPLIST_FILE = YES;
				IPHONEOS_DEPLOYMENT_TARGET = 18.2;
				MARKETING_VERSION = 1.0;
				PRODUCT_BUNDLE_IDENTIFIER = com.test.test1.musicappTests;
				PRODUCT_NAME = "$(TARGET_NAME)";
				SWIFT_EMIT_LOC_STRINGS = NO;
				SWIFT_VERSION = 5.0;
				TARGETED_DEVICE_FAMILY = "1,2";
				TEST_HOST = "$(BUILT_PRODUCTS_DIR)/musicapp.app/$(BUNDLE_EXECUTABLE_FOLDER_PATH)/musicapp";
			};
			name = Debug;
		};
		10811E982D31CF02008CAD75 /* Release */ = {
			isa = XCBuildConfiguration;
			buildSettings = {
				BUNDLE_LOADER = "$(TEST_HOST)";
				"CODE_SIGN_IDENTITY[sdk=macosx*]" = "-";
				CODE_SIGN_STYLE = Automatic;
				CURRENT_PROJECT_VERSION = 1;
				DEVELOPMENT_TEAM = JAQ3G6NY69;
				GENERATE_INFOPLIST_FILE = YES;
				IPHONEOS_DEPLOYMENT_TARGET = 18.2;
				MARKETING_VERSION = 1.0;
				PRODUCT_BUNDLE_IDENTIFIER = com.test.test1.musicappTests;
				PRODUCT_NAME = "$(TARGET_NAME)";
				SWIFT_EMIT_LOC_STRINGS = NO;
				SWIFT_VERSION = 5.0;
				TARGETED_DEVICE_FAMILY = "1,2";
				TEST_HOST = "$(BUILT_PRODUCTS_DIR)/musicapp.app/$(BUNDLE_EXECUTABLE_FOLDER_PATH)/musicapp";
			};
			name = Release;
		};
		10811E9A2D31CF02008CAD75 /* Debug */ = {
			isa = XCBuildConfiguration;
			buildSettings = {
				"CODE_SIGN_IDENTITY[sdk=macosx*]" = "-";
				CODE_SIGN_STYLE = Automatic;
				CURRENT_PROJECT_VERSION = 1;
				DEVELOPMENT_TEAM = JAQ3G6NY69;
				GENERATE_INFOPLIST_FILE = YES;
				MARKETING_VERSION = 1.0;
				PRODUCT_BUNDLE_IDENTIFIER = com.test.test1.musicappUITests;
				PRODUCT_NAME = "$(TARGET_NAME)";
				SWIFT_EMIT_LOC_STRINGS = NO;
				SWIFT_VERSION = 5.0;
				TARGETED_DEVICE_FAMILY = "1,2";
				TEST_TARGET_NAME = musicapp;
			};
			name = Debug;
		};
		10811E9B2D31CF02008CAD75 /* Release */ = {
			isa = XCBuildConfiguration;
			buildSettings = {
				"CODE_SIGN_IDENTITY[sdk=macosx*]" = "-";
				CODE_SIGN_STYLE = Automatic;
				CURRENT_PROJECT_VERSION = 1;
				DEVELOPMENT_TEAM = JAQ3G6NY69;
				GENERATE_INFOPLIST_FILE = YES;
				MARKETING_VERSION = 1.0;
				PRODUCT_BUNDLE_IDENTIFIER = com.test.test1.musicappUITests;
				PRODUCT_NAME = "$(TARGET_NAME)";
				SWIFT_EMIT_LOC_STRINGS = NO;
				SWIFT_VERSION = 5.0;
				TARGETED_DEVICE_FAMILY = "1,2";
				TEST_TARGET_NAME = musicapp;
			};
			name = Release;
		};
/* End XCBuildConfiguration section */

/* Begin XCConfigurationList section */
		10811E6A2D31CF01008CAD75 /* Build configuration list for PBXProject "musicapp" */ = {
			isa = XCConfigurationList;
			buildConfigurations = (
				10811E912D31CF02008CAD75 /* Debug */,
				10811E922D31CF02008CAD75 /* Release */,
			);
			defaultConfigurationIsVisible = 0;
			defaultConfigurationName = Release;
		};
		10811E932D31CF02008CAD75 /* Build configuration list for PBXNativeTarget "musicapp" */ = {
			isa = XCConfigurationList;
			buildConfigurations = (
				10811E942D31CF02008CAD75 /* Debug */,
				10811E952D31CF02008CAD75 /* Release */,
			);
			defaultConfigurationIsVisible = 0;
			defaultConfigurationName = Release;
		};
		10811E962D31CF02008CAD75 /* Build configuration list for PBXNativeTarget "musicappTests" */ = {
			isa = XCConfigurationList;
			buildConfigurations = (
				10811E972D31CF02008CAD75 /* Debug */,
				10811E982D31CF02008CAD75 /* Release */,
			);
			defaultConfigurationIsVisible = 0;
			defaultConfigurationName = Release;
		};
		10811E992D31CF02008CAD75 /* Build configuration list for PBXNativeTarget "musicappUITests" */ = {
			isa = XCConfigurationList;
			buildConfigurations = (
				10811E9A2D31CF02008CAD75 /* Debug */,
				10811E9B2D31CF02008CAD75 /* Release */,
			);
			defaultConfigurationIsVisible = 0;
			defaultConfigurationName = Release;
		};
/* End XCConfigurationList section */

/* Begin XCRemoteSwiftPackageReference section */
		1069D9252D37209800D758BA /* XCRemoteSwiftPackageReference "FileProvider" */ = {
			isa = XCRemoteSwiftPackageReference;
			repositoryURL = "https://github.com/amosavian/FileProvider.git";
			requirement = {
				kind = upToNextMajorVersion;
				minimumVersion = 0.26.0;
			};
		};
		10FA3CCA2D32887D00E25072 /* XCRemoteSwiftPackageReference "SQLite" */ = {
			isa = XCRemoteSwiftPackageReference;
			repositoryURL = "https://github.com/stephencelis/SQLite.swift";
			requirement = {
				kind = upToNextMajorVersion;
				minimumVersion = 0.15.3;
			};
		};
/* End XCRemoteSwiftPackageReference section */

/* Begin XCSwiftPackageProductDependency section */
		103CBBE52D331C9000F3CEDF /* SQLite */ = {
			isa = XCSwiftPackageProductDependency;
			package = 10FA3CCA2D32887D00E25072 /* XCRemoteSwiftPackageReference "SQLite" */;
			productName = SQLite;
		};
		103CBBEA2D331DDA00F3CEDF /* SQLite */ = {
			isa = XCSwiftPackageProductDependency;
			package = 10FA3CCA2D32887D00E25072 /* XCRemoteSwiftPackageReference "SQLite" */;
			productName = SQLite;
		};
		1069D9262D3720B200D758BA /* FilesProvider */ = {
			isa = XCSwiftPackageProductDependency;
			package = 1069D9252D37209800D758BA /* XCRemoteSwiftPackageReference "FileProvider" */;
			productName = FilesProvider;
		};
/* End XCSwiftPackageProductDependency section */
	};
	rootObject = 10811E672D31CF01008CAD75 /* Project object */;
}
