{
  "originHash" : "87286bb69b4ded9fbc1067f5ba3b0792ebfd9ef631a561aa457eac8eba044c3a",
  "pins" : [
    {
      "identity" : "fileprovider",
      "kind" : "remoteSourceControl",
      "location" : "https://github.com/amosavian/FileProvider.git",
      "state" : {
        "revision" : "5d31778376af168ac917e0b1e8d2c4ee64cb246c",
        "version" : "0.26.0"
      }
    },
    {
      "identity" : "sqlite.swift",
      "kind" : "remoteSourceControl",
      "location" : "https://github.com/stephencelis/SQLite.swift",
      "state" : {
        "revision" : "a95fc6df17d108bd99210db5e8a9bac90fe984b8",
        "version" : "0.15.3"
      }
    }
  ],
  "version" : 3
}
